
Microsoft Visual Studio Solution File, Format Version 12.00
# Visual Studio 15
VisualStudioVersion = 15.0.28307.1401
MinimumVisualStudioVersion = 10.0.40219.1
Project("{FAE04EC0-301F-11D3-BF4B-00C04F79EFBC}") = "Final topic", "Final topic\Final topic.csproj", "{DAE06BE2-BC73-46D7-8D3A-60E522FFEC53}"
EndProject
Global
	GlobalSection(SolutionConfigurationPlatforms) = preSolution
		Debug|Any CPU = Debug|Any CPU
		Release|Any CPU = Release|Any CPU
	EndGlobalSection
	GlobalSection(ProjectConfigurationPlatforms) = postSolution
		{DAE06BE2-BC73-46D7-8D3A-60E522FFEC53}.Debug|Any CPU.ActiveCfg = Debug|Any CPU
		{DAE06BE2-BC73-46D7-8D3A-60E522FFEC53}.Debug|Any CPU.Build.0 = Debug|Any CPU
		{DAE06BE2-BC73-46D7-8D3A-60E522FFEC53}.Release|Any CPU.ActiveCfg = Release|Any CPU
		{DAE06BE2-BC73-46D7-8D3A-60E522FFEC53}.Release|Any CPU.Build.0 = Release|Any CPU
	EndGlobalSection
	GlobalSection(SolutionProperties) = preSolution
		HideSolutionNode = FALSE
	EndGlobalSection
	GlobalSection(ExtensibilityGlobals) = postSolution
		SolutionGuid = {DA949147-7C63-4175-BDF4-B4C29D9BE4DF}
	EndGlobalSection
EndGlobal
